
Microsoft Visual Studio Solution File, Format Version 12.00
# Visual Studio Version 17
VisualStudioVersion = 17.5.33424.131
MinimumVisualStudioVersion = 10.0.40219.1
Project("{FAE04EC0-301F-11D3-BF4B-00C04F79EFBC}") = "API_Application_1", "API_Application_1.csproj", "{175FBC54-BDB8-41FD-853A-D457B14FD00A}"
EndProject
Global
	GlobalSection(SolutionConfigurationPlatforms) = preSolution
		Debug|Any CPU = Debug|Any CPU
		Release|Any CPU = Release|Any CPU
	EndGlobalSection
	GlobalSection(ProjectConfigurationPlatforms) = postSolution
		{175FBC54-BDB8-41FD-853A-D457B14FD00A}.Debug|Any CPU.ActiveCfg = Debug|Any CPU
		{175FBC54-BDB8-41FD-853A-D457B14FD00A}.Debug|Any CPU.Build.0 = Debug|Any CPU
		{175FBC54-BDB8-41FD-853A-D457B14FD00A}.Release|Any CPU.ActiveCfg = Release|Any CPU
		{175FBC54-BDB8-41FD-853A-D457B14FD00A}.Release|Any CPU.Build.0 = Release|Any CPU
	EndGlobalSection
	GlobalSection(SolutionProperties) = preSolution
		HideSolutionNode = FALSE
	EndGlobalSection
	GlobalSection(ExtensibilityGlobals) = postSolution
		SolutionGuid = {D9AA393F-A7D3-4D50-AB50-7C705E6F857E}
	EndGlobalSection
EndGlobal
